
Microsoft Visual Studio Solution File, Format Version 12.00
# Visual Studio Version 16
VisualStudioVersion = 16.0.31129.286
MinimumVisualStudioVersion = 10.0.40219.1
Project("{FAE04EC0-301F-11D3-BF4B-00C04F79EFBC}") = "SudokuV2", "SudokuV2\SudokuV2.csproj", "{B33F9C40-A5AF-44AB-A0DB-35F0B44C9559}"
EndProject
Global
	GlobalSection(SolutionConfigurationPlatforms) = preSolution
		Debug|Any CPU = Debug|Any CPU
		Release|Any CPU = Release|Any CPU
	EndGlobalSection
	GlobalSection(ProjectConfigurationPlatforms) = postSolution
		{B33F9C40-A5AF-44AB-A0DB-35F0B44C9559}.Debug|Any CPU.ActiveCfg = Debug|Any CPU
		{B33F9C40-A5AF-44AB-A0DB-35F0B44C9559}.Debug|Any CPU.Build.0 = Debug|Any CPU
		{B33F9C40-A5AF-44AB-A0DB-35F0B44C9559}.Release|Any CPU.ActiveCfg = Release|Any CPU
		{B33F9C40-A5AF-44AB-A0DB-35F0B44C9559}.Release|Any CPU.Build.0 = Release|Any CPU
	EndGlobalSection
	GlobalSection(SolutionProperties) = preSolution
		HideSolutionNode = FALSE
	EndGlobalSection
	GlobalSection(ExtensibilityGlobals) = postSolution
		SolutionGuid = {EAA1B4D4-21F0-49D6-A868-91BF4DF6CFAD}
	EndGlobalSection
EndGlobal
